{
  "requires": true,
  "lockfileVersion": 1,
  "dependencies": {
    "@fortawesome/fontawesome-free": {
      "version": "5.15.3",
      "resolved": "https://registry.npmjs.org/@fortawesome/fontawesome-free/-/fontawesome-free-5.15.3.tgz",
      "integrity": "sha512-rFnSUN/QOtnOAgqFRooTA3H57JLDm0QEG/jPdk+tLQNL/eWd+Aok8g3qCI+Q1xuDPWpGW/i9JySpJVsq8Q0s9w=="
    },
    "@fullcalendar/bootstrap": {
      "version": "5.7.0",
      "resolved": "https://registry.npmjs.org/@fullcalendar/bootstrap/-/bootstrap-5.7.0.tgz",
      "integrity": "sha512-JcuXaGGpTYM98MDgugaJpsVEIfz1yXziQ2/Q+MAQu0eWR1M9Py8LTRb6s/zNS8cs7MKYP1l4YGrQjRiJ/u/ikA==",
      "requires": {
        "@fullcalendar/common": "~5.7.0",
        "tslib": "^2.0.3"
      }
    },
    "@fullcalendar/common": {
      "version": "5.7.0",
      "resolved": "https://registry.npmjs.org/@fullcalendar/common/-/common-5.7.0.tgz",
      "integrity": "sha512-8zKa4q9cQ5xjuAyN0d8AlpCrEC9Kmar5Oq3iMcPbPIO2AtNXTvifzCG44VIgm3/skjDBZ/wYvjJyyB+4WdmT6g==",
      "requires": {
        "tslib": "^2.0.3"
      }
    },
    "@fullcalendar/core": {
      "version": "5.7.0",
      "resolved": "https://registry.npmjs.org/@fullcalendar/core/-/core-5.7.0.tgz",
      "integrity": "sha512-V9kNy/fgZLMPNarS1Eav3WUZIhdyzanYJPWTTxycCT/AiTxyw+RyinowhR9qnv3ZnUTMrZzCAplMT0HKdRFfnA==",
      "requires": {
        "@fullcalendar/common": "~5.7.0",
        "preact": "^10.0.5",
        "tslib": "^2.0.3"
      }
    },
    "bootstrap": {
      "version": "5.0.1",
      "resolved": "https://registry.npmjs.org/bootstrap/-/bootstrap-5.0.1.tgz",
      "integrity": "sha512-Fl79+wsLOZKoiU345KeEaWD0ik8WKRI5zm0YSPj2oF1Qr+BO7z0fco6GbUtqjoG1h4VI89PeKJnMsMMVQdKKTw=="
    },
    "bootstrap-icons": {
      "version": "1.5.0",
      "resolved": "https://registry.npmjs.org/bootstrap-icons/-/bootstrap-icons-1.5.0.tgz",
      "integrity": "sha512-44feMc7DE1Ccpsas/1wioN8ewFJNquvi5FewA06wLnqct7CwMdGDVy41ieHaacogzDqLfG8nADIvMNp9e4bfbA=="
    },
    "fullcalendar": {
      "version": "5.7.0",
      "resolved": "https://registry.npmjs.org/fullcalendar/-/fullcalendar-5.7.0.tgz",
      "integrity": "sha512-kOuzocipmY8o1oCVUSsKbv+eSqBbVpIZMUdxgramZPj7Rb4qs4GpVE7UgFt6kUQO6fC/CLazEpVfa3TUlSMkFA=="
    },
    "preact": {
      "version": "10.5.13",
      "resolved": "https://registry.npmjs.org/preact/-/preact-10.5.13.tgz",
      "integrity": "sha512-q/vlKIGNwzTLu+jCcvywgGrt+H/1P/oIRSD6mV4ln3hmlC+Aa34C7yfPI4+5bzW8pONyVXYS7SvXosy2dKKtWQ=="
    },
    "tslib": {
      "version": "2.2.0",
      "resolved": "https://registry.npmjs.org/tslib/-/tslib-2.2.0.tgz",
      "integrity": "sha512-gS9GVHRU+RGn5KQM2rllAlR3dU6m7AcpJKdtH8gFvQiC4Otgk98XnmMU+nZenHt/+VhnBPWwgrJsyrdcw6i23w=="
    }
  }
}
